PODS:
  - FTIndicator (1.2.9):
    - FTIndicator/FTNotificationIndicator (= 1.2.9)
    - FTIndicator/FTProgressIndicator (= 1.2.9)
    - FTIndicator/FTToastIndicator (= 1.2.9)
  - FTIndicator/FTNotificationIndicator (1.2.9)
  - FTIndicator/FTProgressIndicator (1.2.9)
  - FTIndicator/FTToastIndicator (1.2.9)
  - IQKeyboardManagerSwift (6.5.10)
  - SVProgressHUD (2.2.5)
  - SwiftyStoreKit (0.16.1)

DEPENDENCIES:
  - FTIndicator
  - IQKeyboardManagerSwift
  - SVProgressHUD
  - SwiftyStoreKit

SPEC REPOS:
  trunk:
    - FTIndicator
    - IQKeyboardManagerSwift
    - SVProgressHUD
    - SwiftyStoreKit

SPEC CHECKSUMS:
  FTIndicator: f7f071fd159e5befa1d040a9ef2e3ab53fa9322c
  IQKeyboardManagerSwift: 52962c76ab33532f15ad9f3ff4e5715eda5335bb
  SVProgressHUD: 1428aafac632c1f86f62aa4243ec12008d7a51d6
  SwiftyStoreKit: 6b9c08810269f030586dac1fae8e75871a82e84a

PODFILE CHECKSUM: c277e94d7a36cd4519fb31a6047805699acae6dd

COCOAPODS: 1.11.3
